// !$*UTF8*$!
{
	archiveVersion = 1;
	classes = {
	};
	objectVersion = 77;
	objects = {

/* Begin PBXBuildFile section */
		B5B558932E5CD6B6007B812B /* Models.swift in Sources */ = {isa = PBXBuildFile; fileRef = B5B558922E5CD6B6007B812B /* Models.swift */; };
		B5B558952E5CD723007B812B /* SeedData.swift in Sources */ = {isa = PBXBuildFile; fileRef = B5B558942E5CD723007B812B /* SeedData.swift */; };
		B5B558972E5CD7EE007B812B /* Persistence.swift in Sources */ = {isa = PBXBuildFile; fileRef = B5B558962E5CD7EE007B812B /* Persistence.swift */; };
		B5B558992E5CD86D007B812B /* Bucketing.swift in Sources */ = {isa = PBXBuildFile; fileRef = B5B558982E5CD86D007B812B /* Bucketing.swift */; };
		B5B5589B2E5CD891007B812B /* Theme.swift in Sources */ = {isa = PBXBuildFile; fileRef = B5B5589A2E5CD891007B812B /* Theme.swift */; };
		B5B5589D2E5CD8D1007B812B /* BeltProgressRing.swift in Sources */ = {isa = PBXBuildFile; fileRef = B5B5589C2E5CD8D1007B812B /* BeltProgressRing.swift */; };
		B5B5589F2E5CD934007B812B /* AwardButton.swift in Sources */ = {isa = PBXBuildFile; fileRef = B5B5589E2E5CD934007B812B /* AwardButton.swift */; };
		B5B558A12E5CD951007B812B /* SnackbarUndo.swift in Sources */ = {isa = PBXBuildFile; fileRef = B5B558A02E5CD951007B812B /* SnackbarUndo.swift */; };
		B5B558A32E5CD970007B812B /* SegmentedBucketPicker.swift in Sources */ = {isa = PBXBuildFile; fileRef = B5B558A22E5CD970007B812B /* SegmentedBucketPicker.swift */; };
		B5B558A52E5CEDCC007B812B /* FamilyDashboardView.swift in Sources */ = {isa = PBXBuildFile; fileRef = B5B558A42E5CEDCC007B812B /* FamilyDashboardView.swift */; };
		B5B558A72E5CEE30007B812B /* ChildDetailView.swift in Sources */ = {isa = PBXBuildFile; fileRef = B5B558A62E5CEE30007B812B /* ChildDetailView.swift */; };
		B5B558A92E5CEE5F007B812B /* BehaviorsView.swift in Sources */ = {isa = PBXBuildFile; fileRef = B5B558A82E5CEE5F007B812B /* BehaviorsView.swift */; };
		B5B558AB2E5CEE83007B812B /* SettingsView.swift in Sources */ = {isa = PBXBuildFile; fileRef = B5B558AA2E5CEE83007B812B /* SettingsView.swift */; };
/* End PBXBuildFile section */

/* Begin PBXFileReference section */
		B5B5587E2E5CCEA3007B812B /* DojoPoints.app */ = {isa = PBXFileReference; explicitFileType = wrapper.application; includeInIndex = 0; path = DojoPoints.app; sourceTree = BUILT_PRODUCTS_DIR; };
		B5B558922E5CD6B6007B812B /* Models.swift */ = {isa = PBXFileReference; lastKnownFileType = sourcecode.swift; path = Models.swift; sourceTree = "<group>"; };
		B5B558942E5CD723007B812B /* SeedData.swift */ = {isa = PBXFileReference; lastKnownFileType = sourcecode.swift; path = SeedData.swift; sourceTree = "<group>"; };
		B5B558962E5CD7EE007B812B /* Persistence.swift */ = {isa = PBXFileReference; lastKnownFileType = sourcecode.swift; path = Persistence.swift; sourceTree = "<group>"; };
		B5B558982E5CD86D007B812B /* Bucketing.swift */ = {isa = PBXFileReference; lastKnownFileType = sourcecode.swift; path = Bucketing.swift; sourceTree = "<group>"; };
		B5B5589A2E5CD891007B812B /* Theme.swift */ = {isa = PBXFileReference; lastKnownFileType = sourcecode.swift; path = Theme.swift; sourceTree = "<group>"; };
		B5B5589C2E5CD8D1007B812B /* BeltProgressRing.swift */ = {isa = PBXFileReference; lastKnownFileType = sourcecode.swift; path = BeltProgressRing.swift; sourceTree = "<group>"; };
		B5B5589E2E5CD934007B812B /* AwardButton.swift */ = {isa = PBXFileReference; lastKnownFileType = sourcecode.swift; path = AwardButton.swift; sourceTree = "<group>"; };
		B5B558A02E5CD951007B812B /* SnackbarUndo.swift */ = {isa = PBXFileReference; lastKnownFileType = sourcecode.swift; path = SnackbarUndo.swift; sourceTree = "<group>"; };
		B5B558A22E5CD970007B812B /* SegmentedBucketPicker.swift */ = {isa = PBXFileReference; lastKnownFileType = sourcecode.swift; path = SegmentedBucketPicker.swift; sourceTree = "<group>"; };
		B5B558A42E5CEDCC007B812B /* FamilyDashboardView.swift */ = {isa = PBXFileReference; lastKnownFileType = sourcecode.swift; path = FamilyDashboardView.swift; sourceTree = "<group>"; };
		B5B558A62E5CEE30007B812B /* ChildDetailView.swift */ = {isa = PBXFileReference; lastKnownFileType = sourcecode.swift; path = ChildDetailView.swift; sourceTree = "<group>"; };
		B5B558A82E5CEE5F007B812B /* BehaviorsView.swift */ = {isa = PBXFileReference; lastKnownFileType = sourcecode.swift; path = BehaviorsView.swift; sourceTree = "<group>"; };
		B5B558AA2E5CEE83007B812B /* SettingsView.swift */ = {isa = PBXFileReference; lastKnownFileType = sourcecode.swift; path = SettingsView.swift; sourceTree = "<group>"; };
/* End PBXFileReference section */

/* Begin PBXFileSystemSynchronizedRootGroup section */
		B5B558802E5CCEA3007B812B /* DojoPoints */ = {
			isa = PBXFileSystemSynchronizedRootGroup;
			path = DojoPoints;
			sourceTree = "<group>";
		};
/* End PBXFileSystemSynchronizedRootGroup section */

/* Begin PBXFrameworksBuildPhase section */
		B5B5587B2E5CCEA3007B812B /* Frameworks */ = {
			isa = PBXFrameworksBuildPhase;
			buildActionMask = 2147483647;
			files = (
			);
			runOnlyForDeploymentPostprocessing = 0;
		};
/* End PBXFrameworksBuildPhase section */

/* Begin PBXGroup section */
		B5B558752E5CCEA3007B812B = {
			isa = PBXGroup;
			children = (
				B5B558802E5CCEA3007B812B /* DojoPoints */,
				B5B5588F2E5CD42D007B812B /* Views */,
				B5B5588E2E5CD3F3007B812B /* Components */,
				B5B5588D2E5CD3B9007B812B /* Helpers */,
				B5B5588C2E5CD350007B812B /* Models */,
				B5B5587F2E5CCEA3007B812B /* Products */,
			);
			sourceTree = "<group>";
		};
		B5B5587F2E5CCEA3007B812B /* Products */ = {
			isa = PBXGroup;
			children = (
				B5B5587E2E5CCEA3007B812B /* DojoPoints.app */,
			);
			name = Products;
			sourceTree = "<group>";
		};
		B5B5588C2E5CD350007B812B /* Models */ = {
			isa = PBXGroup;
			children = (
				B5B558922E5CD6B6007B812B /* Models.swift */,
				B5B558942E5CD723007B812B /* SeedData.swift */,
			);
			path = Models;
			sourceTree = "<group>";
		};
		B5B5588D2E5CD3B9007B812B /* Helpers */ = {
			isa = PBXGroup;
			children = (
				B5B558962E5CD7EE007B812B /* Persistence.swift */,
				B5B558982E5CD86D007B812B /* Bucketing.swift */,
				B5B5589A2E5CD891007B812B /* Theme.swift */,
			);
			path = Helpers;
			sourceTree = "<group>";
		};
		B5B5588E2E5CD3F3007B812B /* Components */ = {
			isa = PBXGroup;
			children = (
				B5B5589C2E5CD8D1007B812B /* BeltProgressRing.swift */,
				B5B5589E2E5CD934007B812B /* AwardButton.swift */,
				B5B558A02E5CD951007B812B /* SnackbarUndo.swift */,
				B5B558A22E5CD970007B812B /* SegmentedBucketPicker.swift */,
			);
			path = Components;
			sourceTree = "<group>";
		};
		B5B5588F2E5CD42D007B812B /* Views */ = {
			isa = PBXGroup;
			children = (
				B5B558A42E5CEDCC007B812B /* FamilyDashboardView.swift */,
				B5B558A62E5CEE30007B812B /* ChildDetailView.swift */,
				B5B558A82E5CEE5F007B812B /* BehaviorsView.swift */,
				B5B558AA2E5CEE83007B812B /* SettingsView.swift */,
			);
			path = Views;
			sourceTree = "<group>";
		};
/* End PBXGroup section */

/* Begin PBXNativeTarget section */
		B5B5587D2E5CCEA3007B812B /* DojoPoints */ = {
			isa = PBXNativeTarget;
			buildConfigurationList = B5B558892E5CCEA5007B812B /* Build configuration list for PBXNativeTarget "DojoPoints" */;
			buildPhases = (
				B5B5587A2E5CCEA3007B812B /* Sources */,
				B5B5587B2E5CCEA3007B812B /* Frameworks */,
				B5B5587C2E5CCEA3007B812B /* Resources */,
			);
			buildRules = (
			);
			dependencies = (
			);
			fileSystemSynchronizedGroups = (
				B5B558802E5CCEA3007B812B /* DojoPoints */,
			);
			name = DojoPoints;
			packageProductDependencies = (
			);
			productName = DojoPoints;
			productReference = B5B5587E2E5CCEA3007B812B /* DojoPoints.app */;
			productType = "com.apple.product-type.application";
		};
/* End PBXNativeTarget section */

/* Begin PBXProject section */
		B5B558762E5CCEA3007B812B /* Project object */ = {
			isa = PBXProject;
			attributes = {
				BuildIndependentTargetsInParallel = 1;
				LastSwiftUpdateCheck = 1640;
				LastUpgradeCheck = 1640;
				TargetAttributes = {
					B5B5587D2E5CCEA3007B812B = {
						CreatedOnToolsVersion = 16.4;
					};
				};
			};
			buildConfigurationList = B5B558792E5CCEA3007B812B /* Build configuration list for PBXProject "DojoPoints" */;
			developmentRegion = en;
			hasScannedForEncodings = 0;
			knownRegions = (
				en,
				Base,
			);
			mainGroup = B5B558752E5CCEA3007B812B;
			minimizedProjectReferenceProxies = 1;
			preferredProjectObjectVersion = 77;
			productRefGroup = B5B5587F2E5CCEA3007B812B /* Products */;
			projectDirPath = "";
			projectRoot = "";
			targets = (
				B5B5587D2E5CCEA3007B812B /* DojoPoints */,
			);
		};
/* End PBXProject section */

/* Begin PBXResourcesBuildPhase section */
		B5B5587C2E5CCEA3007B812B /* Resources */ = {
			isa = PBXResourcesBuildPhase;
			buildActionMask = 2147483647;
			files = (
			);
			runOnlyForDeploymentPostprocessing = 0;
		};
/* End PBXResourcesBuildPhase section */

/* Begin PBXSourcesBuildPhase section */
		B5B5587A2E5CCEA3007B812B /* Sources */ = {
			isa = PBXSourcesBuildPhase;
			buildActionMask = 2147483647;
			files = (
				B5B558A12E5CD951007B812B /* SnackbarUndo.swift in Sources */,
				B5B5589D2E5CD8D1007B812B /* BeltProgressRing.swift in Sources */,
				B5B558972E5CD7EE007B812B /* Persistence.swift in Sources */,
				B5B558932E5CD6B6007B812B /* Models.swift in Sources */,
				B5B558A52E5CEDCC007B812B /* FamilyDashboardView.swift in Sources */,
				B5B558A72E5CEE30007B812B /* ChildDetailView.swift in Sources */,
				B5B558AB2E5CEE83007B812B /* SettingsView.swift in Sources */,
				B5B5589B2E5CD891007B812B /* Theme.swift in Sources */,
				B5B558A32E5CD970007B812B /* SegmentedBucketPicker.swift in Sources */,
				B5B558992E5CD86D007B812B /* Bucketing.swift in Sources */,
				B5B558952E5CD723007B812B /* SeedData.swift in Sources */,
				B5B5589F2E5CD934007B812B /* AwardButton.swift in Sources */,
				B5B558A92E5CEE5F007B812B /* BehaviorsView.swift in Sources */,
			);
			runOnlyForDeploymentPostprocessing = 0;
		};
/* End PBXSourcesBuildPhase section */

/* Begin XCBuildConfiguration section */
		B5B558872E5CCEA5007B812B /* Debug */ = {
			isa = XCBuildConfiguration;
			buildSettings = {
				ALWAYS_SEARCH_USER_PATHS = NO;
				ASSETCATALOG_COMPILER_GENERATE_SWIFT_ASSET_SYMBOL_EXTENSIONS = YES;
				CLANG_ANALYZER_NONNULL = YES;
				CLANG_ANALYZER_NUMBER_OBJECT_CONVERSION = YES_AGGRESSIVE;
				CLANG_CXX_LANGUAGE_STANDARD = "gnu++20";
				CLANG_ENABLE_MODULES = YES;
				CLANG_ENABLE_OBJC_ARC = YES;
				CLANG_ENABLE_OBJC_WEAK = YES;
				CLANG_WARN_BLOCK_CAPTURE_AUTORELEASING = YES;
				CLANG_WARN_BOOL_CONVERSION = YES;
				CLANG_WARN_COMMA = YES;
				CLANG_WARN_CONSTANT_CONVERSION = YES;
				CLANG_WARN_DEPRECATED_OBJC_IMPLEMENTATIONS = YES;
				CLANG_WARN_DIRECT_OBJC_ISA_USAGE = YES_ERROR;
				CLANG_WARN_DOCUMENTATION_COMMENTS = YES;
				CLANG_WARN_EMPTY_BODY = YES;
				CLANG_WARN_ENUM_CONVERSION = YES;
				CLANG_WARN_INFINITE_RECURSION = YES;
				CLANG_WARN_INT_CONVERSION = YES;
				CLANG_WARN_NON_LITERAL_NULL_CONVERSION = YES;
				CLANG_WARN_OBJC_IMPLICIT_RETAIN_SELF = YES;
				CLANG_WARN_OBJC_LITERAL_CONVERSION = YES;
				CLANG_WARN_OBJC_ROOT_CLASS = YES_ERROR;
				CLANG_WARN_QUOTED_INCLUDE_IN_FRAMEWORK_HEADER = YES;
				CLANG_WARN_RANGE_LOOP_ANALYSIS = YES;
				CLANG_WARN_STRICT_PROTOTYPES = YES;
				CLANG_WARN_SUSPICIOUS_MOVE = YES;
				CLANG_WARN_UNGUARDED_AVAILABILITY = YES_AGGRESSIVE;
				CLANG_WARN_UNREACHABLE_CODE = YES;
				CLANG_WARN__DUPLICATE_METHOD_MATCH = YES;
				COPY_PHASE_STRIP = NO;
				DEBUG_INFORMATION_FORMAT = dwarf;
				DEVELOPMENT_TEAM = TH37P24YCF;
				ENABLE_STRICT_OBJC_MSGSEND = YES;
				ENABLE_TESTABILITY = YES;
				ENABLE_USER_SCRIPT_SANDBOXING = YES;
				GCC_C_LANGUAGE_STANDARD = gnu17;
				GCC_DYNAMIC_NO_PIC = NO;
				GCC_NO_COMMON_BLOCKS = YES;
				GCC_OPTIMIZATION_LEVEL = 0;
				GCC_PREPROCESSOR_DEFINITIONS = (
					"DEBUG=1",
					"$(inherited)",
				);
				GCC_WARN_64_TO_32_BIT_CONVERSION = YES;
				GCC_WARN_ABOUT_RETURN_TYPE = YES_ERROR;
				GCC_WARN_UNDECLARED_SELECTOR = YES;
				GCC_WARN_UNINITIALIZED_AUTOS = YES_AGGRESSIVE;
				GCC_WARN_UNUSED_FUNCTION = YES;
				GCC_WARN_UNUSED_VARIABLE = YES;
				IPHONEOS_DEPLOYMENT_TARGET = 18.5;
				LOCALIZATION_PREFERS_STRING_CATALOGS = YES;
				MTL_ENABLE_DEBUG_INFO = INCLUDE_SOURCE;
				MTL_FAST_MATH = YES;
				ONLY_ACTIVE_ARCH = YES;
				SDKROOT = iphoneos;
				SWIFT_ACTIVE_COMPILATION_CONDITIONS = "DEBUG $(inherited)";
				SWIFT_OPTIMIZATION_LEVEL = "-Onone";
			};
			name = Debug;
		};
		B5B558882E5CCEA5007B812B /* Release */ = {
			isa = XCBuildConfiguration;
			buildSettings = {
				ALWAYS_SEARCH_USER_PATHS = NO;
				ASSETCATALOG_COMPILER_GENERATE_SWIFT_ASSET_SYMBOL_EXTENSIONS = YES;
				CLANG_ANALYZER_NONNULL = YES;
				CLANG_ANALYZER_NUMBER_OBJECT_CONVERSION = YES_AGGRESSIVE;
				CLANG_CXX_LANGUAGE_STANDARD = "gnu++20";
				CLANG_ENABLE_MODULES = YES;
				CLANG_ENABLE_OBJC_ARC = YES;
				CLANG_ENABLE_OBJC_WEAK = YES;
				CLANG_WARN_BLOCK_CAPTURE_AUTORELEASING = YES;
				CLANG_WARN_BOOL_CONVERSION = YES;
				CLANG_WARN_COMMA = YES;
				CLANG_WARN_CONSTANT_CONVERSION = YES;
				CLANG_WARN_DEPRECATED_OBJC_IMPLEMENTATIONS = YES;
				CLANG_WARN_DIRECT_OBJC_ISA_USAGE = YES_ERROR;
				CLANG_WARN_DOCUMENTATION_COMMENTS = YES;
				CLANG_WARN_EMPTY_BODY = YES;
				CLANG_WARN_ENUM_CONVERSION = YES;
				CLANG_WARN_INFINITE_RECURSION = YES;
				CLANG_WARN_INT_CONVERSION = YES;
				CLANG_WARN_NON_LITERAL_NULL_CONVERSION = YES;
				CLANG_WARN_OBJC_IMPLICIT_RETAIN_SELF = YES;
				CLANG_WARN_OBJC_LITERAL_CONVERSION = YES;
				CLANG_WARN_OBJC_ROOT_CLASS = YES_ERROR;
				CLANG_WARN_QUOTED_INCLUDE_IN_FRAMEWORK_HEADER = YES;
				CLANG_WARN_RANGE_LOOP_ANALYSIS = YES;
				CLANG_WARN_STRICT_PROTOTYPES = YES;
				CLANG_WARN_SUSPICIOUS_MOVE = YES;
				CLANG_WARN_UNGUARDED_AVAILABILITY = YES_AGGRESSIVE;
				CLANG_WARN_UNREACHABLE_CODE = YES;
				CLANG_WARN__DUPLICATE_METHOD_MATCH = YES;
				COPY_PHASE_STRIP = NO;
				DEBUG_INFORMATION_FORMAT = "dwarf-with-dsym";
				DEVELOPMENT_TEAM = TH37P24YCF;
				ENABLE_NS_ASSERTIONS = NO;
				ENABLE_STRICT_OBJC_MSGSEND = YES;
				ENABLE_USER_SCRIPT_SANDBOXING = YES;
				GCC_C_LANGUAGE_STANDARD = gnu17;
				GCC_NO_COMMON_BLOCKS = YES;
				GCC_WARN_64_TO_32_BIT_CONVERSION = YES;
				GCC_WARN_ABOUT_RETURN_TYPE = YES_ERROR;
				GCC_WARN_UNDECLARED_SELECTOR = YES;
				GCC_WARN_UNINITIALIZED_AUTOS = YES_AGGRESSIVE;
				GCC_WARN_UNUSED_FUNCTION = YES;
				GCC_WARN_UNUSED_VARIABLE = YES;
				IPHONEOS_DEPLOYMENT_TARGET = 18.5;
				LOCALIZATION_PREFERS_STRING_CATALOGS = YES;
				MTL_ENABLE_DEBUG_INFO = NO;
				MTL_FAST_MATH = YES;
				SDKROOT = iphoneos;
				SWIFT_COMPILATION_MODE = wholemodule;
				VALIDATE_PRODUCT = YES;
			};
			name = Release;
		};
		B5B5588A2E5CCEA5007B812B /* Debug */ = {
			isa = XCBuildConfiguration;
			buildSettings = {
				ASSETCATALOG_COMPILER_APPICON_NAME = AppIcon;
				ASSETCATALOG_COMPILER_GLOBAL_ACCENT_COLOR_NAME = AccentColor;
				CODE_SIGN_STYLE = Automatic;
				CURRENT_PROJECT_VERSION = 1;
				DEVELOPMENT_TEAM = TH37P24YCF;
				ENABLE_PREVIEWS = YES;
				GENERATE_INFOPLIST_FILE = YES;
				INFOPLIST_KEY_UIApplicationSceneManifest_Generation = YES;
				INFOPLIST_KEY_UIApplicationSupportsIndirectInputEvents = YES;
				INFOPLIST_KEY_UILaunchScreen_Generation = YES;
				INFOPLIST_KEY_UISupportedInterfaceOrientations = UIInterfaceOrientationPortrait;
				INFOPLIST_KEY_UISupportedInterfaceOrientations_iPad = "UIInterfaceOrientationLandscapeLeft UIInterfaceOrientationLandscapeRight UIInterfaceOrientationPortrait UIInterfaceOrientationPortraitUpsideDown";
				IPHONEOS_DEPLOYMENT_TARGET = 17.0;
				LD_RUNPATH_SEARCH_PATHS = (
					"$(inherited)",
					"@executable_path/Frameworks",
				);
				MARKETING_VERSION = 1.0;
				PRODUCT_BUNDLE_IDENTIFIER = com.benjaminlee.DojoPoints;
				PRODUCT_NAME = "$(TARGET_NAME)";
				SWIFT_EMIT_LOC_STRINGS = YES;
				SWIFT_VERSION = 5.0;
				TARGETED_DEVICE_FAMILY = "1,2";
			};
			name = Debug;
		};
		B5B5588B2E5CCEA5007B812B /* Release */ = {
			isa = XCBuildConfiguration;
			buildSettings = {
				ASSETCATALOG_COMPILER_APPICON_NAME = AppIcon;
				ASSETCATALOG_COMPILER_GLOBAL_ACCENT_COLOR_NAME = AccentColor;
				CODE_SIGN_STYLE = Automatic;
				CURRENT_PROJECT_VERSION = 1;
				DEVELOPMENT_TEAM = TH37P24YCF;
				ENABLE_PREVIEWS = YES;
				GENERATE_INFOPLIST_FILE = YES;
				INFOPLIST_KEY_UIApplicationSceneManifest_Generation = YES;
				INFOPLIST_KEY_UIApplicationSupportsIndirectInputEvents = YES;
				INFOPLIST_KEY_UILaunchScreen_Generation = YES;
				INFOPLIST_KEY_UISupportedInterfaceOrientations = UIInterfaceOrientationPortrait;
				INFOPLIST_KEY_UISupportedInterfaceOrientations_iPad = "UIInterfaceOrientationLandscapeLeft UIInterfaceOrientationLandscapeRight UIInterfaceOrientationPortrait UIInterfaceOrientationPortraitUpsideDown";
				IPHONEOS_DEPLOYMENT_TARGET = 17.0;
				LD_RUNPATH_SEARCH_PATHS = (
					"$(inherited)",
					"@executable_path/Frameworks",
				);
				MARKETING_VERSION = 1.0;
				PRODUCT_BUNDLE_IDENTIFIER = com.benjaminlee.DojoPoints;
				PRODUCT_NAME = "$(TARGET_NAME)";
				SWIFT_EMIT_LOC_STRINGS = YES;
				SWIFT_VERSION = 5.0;
				TARGETED_DEVICE_FAMILY = "1,2";
			};
			name = Release;
		};
/* End XCBuildConfiguration section */

/* Begin XCConfigurationList section */
		B5B558792E5CCEA3007B812B /* Build configuration list for PBXProject "DojoPoints" */ = {
			isa = XCConfigurationList;
			buildConfigurations = (
				B5B558872E5CCEA5007B812B /* Debug */,
				B5B558882E5CCEA5007B812B /* Release */,
			);
			defaultConfigurationIsVisible = 0;
			defaultConfigurationName = Release;
		};
		B5B558892E5CCEA5007B812B /* Build configuration list for PBXNativeTarget "DojoPoints" */ = {
			isa = XCConfigurationList;
			buildConfigurations = (
				B5B5588A2E5CCEA5007B812B /* Debug */,
				B5B5588B2E5CCEA5007B812B /* Release */,
			);
			defaultConfigurationIsVisible = 0;
			defaultConfigurationName = Release;
		};
/* End XCConfigurationList section */
	};
	rootObject = B5B558762E5CCEA3007B812B /* Project object */;
}
